{
  "pins" : [
    {
      "identity" : "alamofire",
      "kind" : "remoteSourceControl",
      "location" : "https://github.com/Alamofire/Alamofire.git",
      "state" : {
        "revision" : "78424be314842833c04bc3bef5b72e85fff99204",
        "version" : "5.6.4"
      }
    },
    {
      "identity" : "combinestorable",
      "kind" : "remoteSourceControl",
      "location" : "https://github.com/crane-hiromu/CombineStorable.git",
      "state" : {
        "revision" : "4b0c651c6ebefd2a4dcfcebee89df7cba68de8a4",
        "version" : "1.1.0"
      }
    },
    {
      "identity" : "feedkit",
      "kind" : "remoteSourceControl",
      "location" : "https://github.com/nmdias/FeedKit.git",
      "state" : {
        "revision" : "68493a33d862c33c9a9f67ec729b3b7df1b20ade",
        "version" : "9.1.2"
      }
    }
  ],
  "version" : 2
}
